{
  "object": {
    "pins": [
      {
        "package": "Extensions",
        "repositoryURL": "https://gitlab.com/phthphat-share/swift-extensions.git",
        "state": {
          "branch": "master",
          "revision": "3c3248cf4859edab45e86dfa81d05687dfd34ce6",
          "version": null
        }
      }
    ]
  },
  "version": 1
}
