// !$*UTF8*$!
{
	archiveVersion = 1;
	classes = {
	};
	objectVersion = 50;
	objects = {

/* Begin PBXBuildFile section */
		8396CCD0244D91CE009FDFAF /* UIDevice.swift in Sources */ = {isa = PBXBuildFile; fileRef = 8396CCB8244D91CE009FDFAF /* UIDevice.swift */; };
		8396CCD1244D91CE009FDFAF /* CALayer.swift in Sources */ = {isa = PBXBuildFile; fileRef = 8396CCBA244D91CE009FDFAF /* CALayer.swift */; };
		8396CCD2244D91CE009FDFAF /* Date.swift in Sources */ = {isa = PBXBuildFile; fileRef = 8396CCBB244D91CE009FDFAF /* Date.swift */; };
		8396CCD3244D91CE009FDFAF /* UIColor.swift in Sources */ = {isa = PBXBuildFile; fileRef = 8396CCBC244D91CE009FDFAF /* UIColor.swift */; };
		8396CCD4244D91CE009FDFAF /* String.swift in Sources */ = {isa = PBXBuildFile; fileRef = 8396CCBD244D91CE009FDFAF /* String.swift */; };
		8396CCD5244D91CE009FDFAF /* UIImage.swift in Sources */ = {isa = PBXBuildFile; fileRef = 8396CCBE244D91CE009FDFAF /* UIImage.swift */; };
		8396CCD6244D91CE009FDFAF /* UIView+AutoLayout.swift in Sources */ = {isa = PBXBuildFile; fileRef = 8396CCC1244D91CE009FDFAF /* UIView+AutoLayout.swift */; };
		8396CCD7244D91CE009FDFAF /* UIView+Border.swift in Sources */ = {isa = PBXBuildFile; fileRef = 8396CCC2244D91CE009FDFAF /* UIView+Border.swift */; };
		8396CCD9244D91CE009FDFAF /* UIView+Shadow.swift in Sources */ = {isa = PBXBuildFile; fileRef = 8396CCC4244D91CE009FDFAF /* UIView+Shadow.swift */; };
		8396CCDB244D91CE009FDFAF /* IndentedTextField.swift in Sources */ = {isa = PBXBuildFile; fileRef = 8396CCC6244D91CE009FDFAF /* IndentedTextField.swift */; };
		8396CCDC244D91CE009FDFAF /* UICollectionView.swift in Sources */ = {isa = PBXBuildFile; fileRef = 8396CCC7244D91CE009FDFAF /* UICollectionView.swift */; };
		8396CCDD244D91CE009FDFAF /* UITableView.swift in Sources */ = {isa = PBXBuildFile; fileRef = 8396CCC8244D91CE009FDFAF /* UITableView.swift */; };
		8396CCDE244D91CE009FDFAF /* UITextField.swift in Sources */ = {isa = PBXBuildFile; fileRef = 8396CCC9244D91CE009FDFAF /* UITextField.swift */; };
		8396CCDF244D91CE009FDFAF /* AspectFitImageView.swift in Sources */ = {isa = PBXBuildFile; fileRef = 8396CCCA244D91CE009FDFAF /* AspectFitImageView.swift */; };
		8396CCE0244D91CE009FDFAF /* UIButton.swift in Sources */ = {isa = PBXBuildFile; fileRef = 8396CCCB244D91CE009FDFAF /* UIButton.swift */; };
		8396CCE1244D91CE009FDFAF /* UINavigationBar.swift in Sources */ = {isa = PBXBuildFile; fileRef = 8396CCCC244D91CE009FDFAF /* UINavigationBar.swift */; };
		8396CCE2244D91CE009FDFAF /* UIImageView.swift in Sources */ = {isa = PBXBuildFile; fileRef = 8396CCCD244D91CE009FDFAF /* UIImageView.swift */; };
		8396CCE3244D91CE009FDFAF /* UILabel.swift in Sources */ = {isa = PBXBuildFile; fileRef = 8396CCCE244D91CE009FDFAF /* UILabel.swift */; };
		8396CCE4244D91CE009FDFAF /* UITextView.swift in Sources */ = {isa = PBXBuildFile; fileRef = 8396CCCF244D91CE009FDFAF /* UITextView.swift */; };
		A020F86223F3F0E6004B2212 /* AppDelegate.swift in Sources */ = {isa = PBXBuildFile; fileRef = A020F86123F3F0E6004B2212 /* AppDelegate.swift */; };
		A020F86423F3F0E6004B2212 /* SceneDelegate.swift in Sources */ = {isa = PBXBuildFile; fileRef = A020F86323F3F0E6004B2212 /* SceneDelegate.swift */; };
		A020F86623F3F0E6004B2212 /* ViewController.swift in Sources */ = {isa = PBXBuildFile; fileRef = A020F86523F3F0E6004B2212 /* ViewController.swift */; };
		A020F86923F3F0E6004B2212 /* Main.storyboard in Resources */ = {isa = PBXBuildFile; fileRef = A020F86723F3F0E6004B2212 /* Main.storyboard */; };
		A020F86B23F3F0E9004B2212 /* Assets.xcassets in Resources */ = {isa = PBXBuildFile; fileRef = A020F86A23F3F0E9004B2212 /* Assets.xcassets */; };
		A020F86E23F3F0E9004B2212 /* LaunchScreen.storyboard in Resources */ = {isa = PBXBuildFile; fileRef = A020F86C23F3F0E9004B2212 /* LaunchScreen.storyboard */; };
/* End PBXBuildFile section */

/* Begin PBXFileReference section */
		8396CCB8244D91CE009FDFAF /* UIDevice.swift */ = {isa = PBXFileReference; fileEncoding = 4; lastKnownFileType = sourcecode.swift; path = UIDevice.swift; sourceTree = "<group>"; };
		8396CCBA244D91CE009FDFAF /* CALayer.swift */ = {isa = PBXFileReference; fileEncoding = 4; lastKnownFileType = sourcecode.swift; path = CALayer.swift; sourceTree = "<group>"; };
		8396CCBB244D91CE009FDFAF /* Date.swift */ = {isa = PBXFileReference; fileEncoding = 4; lastKnownFileType = sourcecode.swift; path = Date.swift; sourceTree = "<group>"; };
		8396CCBC244D91CE009FDFAF /* UIColor.swift */ = {isa = PBXFileReference; fileEncoding = 4; lastKnownFileType = sourcecode.swift; path = UIColor.swift; sourceTree = "<group>"; };
		8396CCBD244D91CE009FDFAF /* String.swift */ = {isa = PBXFileReference; fileEncoding = 4; lastKnownFileType = sourcecode.swift; path = String.swift; sourceTree = "<group>"; };
		8396CCBE244D91CE009FDFAF /* UIImage.swift */ = {isa = PBXFileReference; fileEncoding = 4; lastKnownFileType = sourcecode.swift; path = UIImage.swift; sourceTree = "<group>"; };
		8396CCC1244D91CE009FDFAF /* UIView+AutoLayout.swift */ = {isa = PBXFileReference; fileEncoding = 4; lastKnownFileType = sourcecode.swift; path = "UIView+AutoLayout.swift"; sourceTree = "<group>"; };
		8396CCC2244D91CE009FDFAF /* UIView+Border.swift */ = {isa = PBXFileReference; fileEncoding = 4; lastKnownFileType = sourcecode.swift; path = "UIView+Border.swift"; sourceTree = "<group>"; };
		8396CCC4244D91CE009FDFAF /* UIView+Shadow.swift */ = {isa = PBXFileReference; fileEncoding = 4; lastKnownFileType = sourcecode.swift; path = "UIView+Shadow.swift"; sourceTree = "<group>"; };
		8396CCC6244D91CE009FDFAF /* IndentedTextField.swift */ = {isa = PBXFileReference; fileEncoding = 4; lastKnownFileType = sourcecode.swift; path = IndentedTextField.swift; sourceTree = "<group>"; };
		8396CCC7244D91CE009FDFAF /* UICollectionView.swift */ = {isa = PBXFileReference; fileEncoding = 4; lastKnownFileType = sourcecode.swift; path = UICollectionView.swift; sourceTree = "<group>"; };
		8396CCC8244D91CE009FDFAF /* UITableView.swift */ = {isa = PBXFileReference; fileEncoding = 4; lastKnownFileType = sourcecode.swift; path = UITableView.swift; sourceTree = "<group>"; };
		8396CCC9244D91CE009FDFAF /* UITextField.swift */ = {isa = PBXFileReference; fileEncoding = 4; lastKnownFileType = sourcecode.swift; path = UITextField.swift; sourceTree = "<group>"; };
		8396CCCA244D91CE009FDFAF /* AspectFitImageView.swift */ = {isa = PBXFileReference; fileEncoding = 4; lastKnownFileType = sourcecode.swift; path = AspectFitImageView.swift; sourceTree = "<group>"; };
		8396CCCB244D91CE009FDFAF /* UIButton.swift */ = {isa = PBXFileReference; fileEncoding = 4; lastKnownFileType = sourcecode.swift; path = UIButton.swift; sourceTree = "<group>"; };
		8396CCCC244D91CE009FDFAF /* UINavigationBar.swift */ = {isa = PBXFileReference; fileEncoding = 4; lastKnownFileType = sourcecode.swift; path = UINavigationBar.swift; sourceTree = "<group>"; };
		8396CCCD244D91CE009FDFAF /* UIImageView.swift */ = {isa = PBXFileReference; fileEncoding = 4; lastKnownFileType = sourcecode.swift; path = UIImageView.swift; sourceTree = "<group>"; };
		8396CCCE244D91CE009FDFAF /* UILabel.swift */ = {isa = PBXFileReference; fileEncoding = 4; lastKnownFileType = sourcecode.swift; path = UILabel.swift; sourceTree = "<group>"; };
		8396CCCF244D91CE009FDFAF /* UITextView.swift */ = {isa = PBXFileReference; fileEncoding = 4; lastKnownFileType = sourcecode.swift; path = UITextView.swift; sourceTree = "<group>"; };
		A020F85E23F3F0E6004B2212 /* TestExtensions.app */ = {isa = PBXFileReference; explicitFileType = wrapper.application; includeInIndex = 0; path = TestExtensions.app; sourceTree = BUILT_PRODUCTS_DIR; };
		A020F86123F3F0E6004B2212 /* AppDelegate.swift */ = {isa = PBXFileReference; lastKnownFileType = sourcecode.swift; path = AppDelegate.swift; sourceTree = "<group>"; };
		A020F86323F3F0E6004B2212 /* SceneDelegate.swift */ = {isa = PBXFileReference; lastKnownFileType = sourcecode.swift; path = SceneDelegate.swift; sourceTree = "<group>"; };
		A020F86523F3F0E6004B2212 /* ViewController.swift */ = {isa = PBXFileReference; lastKnownFileType = sourcecode.swift; path = ViewController.swift; sourceTree = "<group>"; };
		A020F86823F3F0E6004B2212 /* Base */ = {isa = PBXFileReference; lastKnownFileType = file.storyboard; name = Base; path = Base.lproj/Main.storyboard; sourceTree = "<group>"; };
		A020F86A23F3F0E9004B2212 /* Assets.xcassets */ = {isa = PBXFileReference; lastKnownFileType = folder.assetcatalog; path = Assets.xcassets; sourceTree = "<group>"; };
		A020F86D23F3F0E9004B2212 /* Base */ = {isa = PBXFileReference; lastKnownFileType = file.storyboard; name = Base; path = Base.lproj/LaunchScreen.storyboard; sourceTree = "<group>"; };
		A020F86F23F3F0E9004B2212 /* Info.plist */ = {isa = PBXFileReference; lastKnownFileType = text.plist.xml; path = Info.plist; sourceTree = "<group>"; };
/* End PBXFileReference section */

/* Begin PBXFrameworksBuildPhase section */
		A020F85B23F3F0E6004B2212 /* Frameworks */ = {
			isa = PBXFrameworksBuildPhase;
			buildActionMask = 2147483647;
			files = (
			);
			runOnlyForDeploymentPostprocessing = 0;
		};
/* End PBXFrameworksBuildPhase section */

/* Begin PBXGroup section */
		8396CCB6244D91CE009FDFAF /* Extensions */ = {
			isa = PBXGroup;
			children = (
				8396CCB7244D91CE009FDFAF /* App */,
				8396CCB9244D91CE009FDFAF /* Type */,
				8396CCBF244D91CE009FDFAF /* View */,
			);
			name = Extensions;
			path = Sources/Extensions;
			sourceTree = SOURCE_ROOT;
		};
		8396CCB7244D91CE009FDFAF /* App */ = {
			isa = PBXGroup;
			children = (
				8396CCB8244D91CE009FDFAF /* UIDevice.swift */,
			);
			path = App;
			sourceTree = "<group>";
		};
		8396CCB9244D91CE009FDFAF /* Type */ = {
			isa = PBXGroup;
			children = (
				8396CCBA244D91CE009FDFAF /* CALayer.swift */,
				8396CCBB244D91CE009FDFAF /* Date.swift */,
				8396CCBC244D91CE009FDFAF /* UIColor.swift */,
				8396CCBD244D91CE009FDFAF /* String.swift */,
				8396CCBE244D91CE009FDFAF /* UIImage.swift */,
			);
			path = Type;
			sourceTree = "<group>";
		};
		8396CCBF244D91CE009FDFAF /* View */ = {
			isa = PBXGroup;
			children = (
				8396CCC0244D91CE009FDFAF /* UIView */,
				8396CCC6244D91CE009FDFAF /* IndentedTextField.swift */,
				8396CCC7244D91CE009FDFAF /* UICollectionView.swift */,
				8396CCC8244D91CE009FDFAF /* UITableView.swift */,
				8396CCC9244D91CE009FDFAF /* UITextField.swift */,
				8396CCCA244D91CE009FDFAF /* AspectFitImageView.swift */,
				8396CCCB244D91CE009FDFAF /* UIButton.swift */,
				8396CCCC244D91CE009FDFAF /* UINavigationBar.swift */,
				8396CCCD244D91CE009FDFAF /* UIImageView.swift */,
				8396CCCE244D91CE009FDFAF /* UILabel.swift */,
				8396CCCF244D91CE009FDFAF /* UITextView.swift */,
			);
			path = View;
			sourceTree = "<group>";
		};
		8396CCC0244D91CE009FDFAF /* UIView */ = {
			isa = PBXGroup;
			children = (
				8396CCC1244D91CE009FDFAF /* UIView+AutoLayout.swift */,
				8396CCC2244D91CE009FDFAF /* UIView+Border.swift */,
				8396CCC4244D91CE009FDFAF /* UIView+Shadow.swift */,
			);
			path = UIView;
			sourceTree = "<group>";
		};
		A020F85523F3F0E6004B2212 = {
			isa = PBXGroup;
			children = (
				A020F86023F3F0E6004B2212 /* TestExtensions */,
				A020F85F23F3F0E6004B2212 /* Products */,
				A020F87623F3F130004B2212 /* Frameworks */,
			);
			sourceTree = "<group>";
		};
		A020F85F23F3F0E6004B2212 /* Products */ = {
			isa = PBXGroup;
			children = (
				A020F85E23F3F0E6004B2212 /* TestExtensions.app */,
			);
			name = Products;
			sourceTree = "<group>";
		};
		A020F86023F3F0E6004B2212 /* TestExtensions */ = {
			isa = PBXGroup;
			children = (
				8396CCB6244D91CE009FDFAF /* Extensions */,
				A020F86123F3F0E6004B2212 /* AppDelegate.swift */,
				A020F86323F3F0E6004B2212 /* SceneDelegate.swift */,
				A020F86523F3F0E6004B2212 /* ViewController.swift */,
				A020F86723F3F0E6004B2212 /* Main.storyboard */,
				A020F86A23F3F0E9004B2212 /* Assets.xcassets */,
				A020F86C23F3F0E9004B2212 /* LaunchScreen.storyboard */,
				A020F86F23F3F0E9004B2212 /* Info.plist */,
			);
			path = TestExtensions;
			sourceTree = "<group>";
		};
		A020F87623F3F130004B2212 /* Frameworks */ = {
			isa = PBXGroup;
			children = (
			);
			name = Frameworks;
			sourceTree = "<group>";
		};
/* End PBXGroup section */

/* Begin PBXNativeTarget section */
		A020F85D23F3F0E6004B2212 /* TestExtensions */ = {
			isa = PBXNativeTarget;
			buildConfigurationList = A020F87223F3F0E9004B2212 /* Build configuration list for PBXNativeTarget "TestExtensions" */;
			buildPhases = (
				A020F85A23F3F0E6004B2212 /* Sources */,
				A020F85B23F3F0E6004B2212 /* Frameworks */,
				A020F85C23F3F0E6004B2212 /* Resources */,
			);
			buildRules = (
			);
			dependencies = (
			);
			name = TestExtensions;
			packageProductDependencies = (
			);
			productName = TestExtensions;
			productReference = A020F85E23F3F0E6004B2212 /* TestExtensions.app */;
			productType = "com.apple.product-type.application";
		};
/* End PBXNativeTarget section */

/* Begin PBXProject section */
		A020F85623F3F0E6004B2212 /* Project object */ = {
			isa = PBXProject;
			attributes = {
				LastSwiftUpdateCheck = 1130;
				LastUpgradeCheck = 1130;
				ORGANIZATIONNAME = phthphat;
				TargetAttributes = {
					A020F85D23F3F0E6004B2212 = {
						CreatedOnToolsVersion = 11.3.1;
					};
				};
			};
			buildConfigurationList = A020F85923F3F0E6004B2212 /* Build configuration list for PBXProject "TestExtensions" */;
			compatibilityVersion = "Xcode 9.3";
			developmentRegion = en;
			hasScannedForEncodings = 0;
			knownRegions = (
				en,
				Base,
			);
			mainGroup = A020F85523F3F0E6004B2212;
			packageReferences = (
			);
			productRefGroup = A020F85F23F3F0E6004B2212 /* Products */;
			projectDirPath = "";
			projectRoot = "";
			targets = (
				A020F85D23F3F0E6004B2212 /* TestExtensions */,
			);
		};
/* End PBXProject section */

/* Begin PBXResourcesBuildPhase section */
		A020F85C23F3F0E6004B2212 /* Resources */ = {
			isa = PBXResourcesBuildPhase;
			buildActionMask = 2147483647;
			files = (
				A020F86E23F3F0E9004B2212 /* LaunchScreen.storyboard in Resources */,
				A020F86B23F3F0E9004B2212 /* Assets.xcassets in Resources */,
				A020F86923F3F0E6004B2212 /* Main.storyboard in Resources */,
			);
			runOnlyForDeploymentPostprocessing = 0;
		};
/* End PBXResourcesBuildPhase section */

/* Begin PBXSourcesBuildPhase section */
		A020F85A23F3F0E6004B2212 /* Sources */ = {
			isa = PBXSourcesBuildPhase;
			buildActionMask = 2147483647;
			files = (
				A020F86623F3F0E6004B2212 /* ViewController.swift in Sources */,
				8396CCE4244D91CE009FDFAF /* UITextView.swift in Sources */,
				8396CCD3244D91CE009FDFAF /* UIColor.swift in Sources */,
				8396CCD9244D91CE009FDFAF /* UIView+Shadow.swift in Sources */,
				8396CCD2244D91CE009FDFAF /* Date.swift in Sources */,
				8396CCDF244D91CE009FDFAF /* AspectFitImageView.swift in Sources */,
				A020F86223F3F0E6004B2212 /* AppDelegate.swift in Sources */,
				8396CCE2244D91CE009FDFAF /* UIImageView.swift in Sources */,
				A020F86423F3F0E6004B2212 /* SceneDelegate.swift in Sources */,
				8396CCDC244D91CE009FDFAF /* UICollectionView.swift in Sources */,
				8396CCD6244D91CE009FDFAF /* UIView+AutoLayout.swift in Sources */,
				8396CCD0244D91CE009FDFAF /* UIDevice.swift in Sources */,
				8396CCD5244D91CE009FDFAF /* UIImage.swift in Sources */,
				8396CCDE244D91CE009FDFAF /* UITextField.swift in Sources */,
				8396CCE3244D91CE009FDFAF /* UILabel.swift in Sources */,
				8396CCDD244D91CE009FDFAF /* UITableView.swift in Sources */,
				8396CCE0244D91CE009FDFAF /* UIButton.swift in Sources */,
				8396CCDB244D91CE009FDFAF /* IndentedTextField.swift in Sources */,
				8396CCD4244D91CE009FDFAF /* String.swift in Sources */,
				8396CCE1244D91CE009FDFAF /* UINavigationBar.swift in Sources */,
				8396CCD1244D91CE009FDFAF /* CALayer.swift in Sources */,
				8396CCD7244D91CE009FDFAF /* UIView+Border.swift in Sources */,
			);
			runOnlyForDeploymentPostprocessing = 0;
		};
/* End PBXSourcesBuildPhase section */

/* Begin PBXVariantGroup section */
		A020F86723F3F0E6004B2212 /* Main.storyboard */ = {
			isa = PBXVariantGroup;
			children = (
				A020F86823F3F0E6004B2212 /* Base */,
			);
			name = Main.storyboard;
			sourceTree = "<group>";
		};
		A020F86C23F3F0E9004B2212 /* LaunchScreen.storyboard */ = {
			isa = PBXVariantGroup;
			children = (
				A020F86D23F3F0E9004B2212 /* Base */,
			);
			name = LaunchScreen.storyboard;
			sourceTree = "<group>";
		};
/* End PBXVariantGroup section */

/* Begin XCBuildConfiguration section */
		A020F87023F3F0E9004B2212 /* Debug */ = {
			isa = XCBuildConfiguration;
			buildSettings = {
				ALWAYS_SEARCH_USER_PATHS = NO;
				CLANG_ANALYZER_NONNULL = YES;
				CLANG_ANALYZER_NUMBER_OBJECT_CONVERSION = YES_AGGRESSIVE;
				CLANG_CXX_LANGUAGE_STANDARD = "gnu++14";
				CLANG_CXX_LIBRARY = "libc++";
				CLANG_ENABLE_MODULES = YES;
				CLANG_ENABLE_OBJC_ARC = YES;
				CLANG_ENABLE_OBJC_WEAK = YES;
				CLANG_WARN_BLOCK_CAPTURE_AUTORELEASING = YES;
				CLANG_WARN_BOOL_CONVERSION = YES;
				CLANG_WARN_COMMA = YES;
				CLANG_WARN_CONSTANT_CONVERSION = YES;
				CLANG_WARN_DEPRECATED_OBJC_IMPLEMENTATIONS = YES;
				CLANG_WARN_DIRECT_OBJC_ISA_USAGE = YES_ERROR;
				CLANG_WARN_DOCUMENTATION_COMMENTS = YES;
				CLANG_WARN_EMPTY_BODY = YES;
				CLANG_WARN_ENUM_CONVERSION = YES;
				CLANG_WARN_INFINITE_RECURSION = YES;
				CLANG_WARN_INT_CONVERSION = YES;
				CLANG_WARN_NON_LITERAL_NULL_CONVERSION = YES;
				CLANG_WARN_OBJC_IMPLICIT_RETAIN_SELF = YES;
				CLANG_WARN_OBJC_LITERAL_CONVERSION = YES;
				CLANG_WARN_OBJC_ROOT_CLASS = YES_ERROR;
				CLANG_WARN_RANGE_LOOP_ANALYSIS = YES;
				CLANG_WARN_STRICT_PROTOTYPES = YES;
				CLANG_WARN_SUSPICIOUS_MOVE = YES;
				CLANG_WARN_UNGUARDED_AVAILABILITY = YES_AGGRESSIVE;
				CLANG_WARN_UNREACHABLE_CODE = YES;
				CLANG_WARN__DUPLICATE_METHOD_MATCH = YES;
				COPY_PHASE_STRIP = NO;
				DEBUG_INFORMATION_FORMAT = dwarf;
				ENABLE_STRICT_OBJC_MSGSEND = YES;
				ENABLE_TESTABILITY = YES;
				GCC_C_LANGUAGE_STANDARD = gnu11;
				GCC_DYNAMIC_NO_PIC = NO;
				GCC_NO_COMMON_BLOCKS = YES;
				GCC_OPTIMIZATION_LEVEL = 0;
				GCC_PREPROCESSOR_DEFINITIONS = (
					"DEBUG=1",
					"$(inherited)",
				);
				GCC_WARN_64_TO_32_BIT_CONVERSION = YES;
				GCC_WARN_ABOUT_RETURN_TYPE = YES_ERROR;
				GCC_WARN_UNDECLARED_SELECTOR = YES;
				GCC_WARN_UNINITIALIZED_AUTOS = YES_AGGRESSIVE;
				GCC_WARN_UNUSED_FUNCTION = YES;
				GCC_WARN_UNUSED_VARIABLE = YES;
				IPHONEOS_DEPLOYMENT_TARGET = 13.2;
				MTL_ENABLE_DEBUG_INFO = INCLUDE_SOURCE;
				MTL_FAST_MATH = YES;
				ONLY_ACTIVE_ARCH = YES;
				SDKROOT = iphoneos;
				SWIFT_ACTIVE_COMPILATION_CONDITIONS = DEBUG;
				SWIFT_OPTIMIZATION_LEVEL = "-Onone";
			};
			name = Debug;
		};
		A020F87123F3F0E9004B2212 /* Release */ = {
			isa = XCBuildConfiguration;
			buildSettings = {
				ALWAYS_SEARCH_USER_PATHS = NO;
				CLANG_ANALYZER_NONNULL = YES;
				CLANG_ANALYZER_NUMBER_OBJECT_CONVERSION = YES_AGGRESSIVE;
				CLANG_CXX_LANGUAGE_STANDARD = "gnu++14";
				CLANG_CXX_LIBRARY = "libc++";
				CLANG_ENABLE_MODULES = YES;
				CLANG_ENABLE_OBJC_ARC = YES;
				CLANG_ENABLE_OBJC_WEAK = YES;
				CLANG_WARN_BLOCK_CAPTURE_AUTORELEASING = YES;
				CLANG_WARN_BOOL_CONVERSION = YES;
				CLANG_WARN_COMMA = YES;
				CLANG_WARN_CONSTANT_CONVERSION = YES;
				CLANG_WARN_DEPRECATED_OBJC_IMPLEMENTATIONS = YES;
				CLANG_WARN_DIRECT_OBJC_ISA_USAGE = YES_ERROR;
				CLANG_WARN_DOCUMENTATION_COMMENTS = YES;
				CLANG_WARN_EMPTY_BODY = YES;
				CLANG_WARN_ENUM_CONVERSION = YES;
				CLANG_WARN_INFINITE_RECURSION = YES;
				CLANG_WARN_INT_CONVERSION = YES;
				CLANG_WARN_NON_LITERAL_NULL_CONVERSION = YES;
				CLANG_WARN_OBJC_IMPLICIT_RETAIN_SELF = YES;
				CLANG_WARN_OBJC_LITERAL_CONVERSION = YES;
				CLANG_WARN_OBJC_ROOT_CLASS = YES_ERROR;
				CLANG_WARN_RANGE_LOOP_ANALYSIS = YES;
				CLANG_WARN_STRICT_PROTOTYPES = YES;
				CLANG_WARN_SUSPICIOUS_MOVE = YES;
				CLANG_WARN_UNGUARDED_AVAILABILITY = YES_AGGRESSIVE;
				CLANG_WARN_UNREACHABLE_CODE = YES;
				CLANG_WARN__DUPLICATE_METHOD_MATCH = YES;
				COPY_PHASE_STRIP = NO;
				DEBUG_INFORMATION_FORMAT = "dwarf-with-dsym";
				ENABLE_NS_ASSERTIONS = NO;
				ENABLE_STRICT_OBJC_MSGSEND = YES;
				GCC_C_LANGUAGE_STANDARD = gnu11;
				GCC_NO_COMMON_BLOCKS = YES;
				GCC_WARN_64_TO_32_BIT_CONVERSION = YES;
				GCC_WARN_ABOUT_RETURN_TYPE = YES_ERROR;
				GCC_WARN_UNDECLARED_SELECTOR = YES;
				GCC_WARN_UNINITIALIZED_AUTOS = YES_AGGRESSIVE;
				GCC_WARN_UNUSED_FUNCTION = YES;
				GCC_WARN_UNUSED_VARIABLE = YES;
				IPHONEOS_DEPLOYMENT_TARGET = 13.2;
				MTL_ENABLE_DEBUG_INFO = NO;
				MTL_FAST_MATH = YES;
				SDKROOT = iphoneos;
				SWIFT_COMPILATION_MODE = wholemodule;
				SWIFT_OPTIMIZATION_LEVEL = "-O";
				VALIDATE_PRODUCT = YES;
			};
			name = Release;
		};
		A020F87323F3F0E9004B2212 /* Debug */ = {
			isa = XCBuildConfiguration;
			buildSettings = {
				ASSETCATALOG_COMPILER_APPICON_NAME = AppIcon;
				CODE_SIGN_STYLE = Automatic;
				DEVELOPMENT_TEAM = YP9V6ZC397;
				INFOPLIST_FILE = TestExtensions/Info.plist;
				LD_RUNPATH_SEARCH_PATHS = (
					"$(inherited)",
					"@executable_path/Frameworks",
				);
				PRODUCT_BUNDLE_IDENTIFIER = com.phthphat.TestExtensions;
				PRODUCT_NAME = "$(TARGET_NAME)";
				SWIFT_VERSION = 5.0;
				TARGETED_DEVICE_FAMILY = "1,2";
			};
			name = Debug;
		};
		A020F87423F3F0E9004B2212 /* Release */ = {
			isa = XCBuildConfiguration;
			buildSettings = {
				ASSETCATALOG_COMPILER_APPICON_NAME = AppIcon;
				CODE_SIGN_STYLE = Automatic;
				DEVELOPMENT_TEAM = YP9V6ZC397;
				INFOPLIST_FILE = TestExtensions/Info.plist;
				LD_RUNPATH_SEARCH_PATHS = (
					"$(inherited)",
					"@executable_path/Frameworks",
				);
				PRODUCT_BUNDLE_IDENTIFIER = com.phthphat.TestExtensions;
				PRODUCT_NAME = "$(TARGET_NAME)";
				SWIFT_VERSION = 5.0;
				TARGETED_DEVICE_FAMILY = "1,2";
			};
			name = Release;
		};
/* End XCBuildConfiguration section */

/* Begin XCConfigurationList section */
		A020F85923F3F0E6004B2212 /* Build configuration list for PBXProject "TestExtensions" */ = {
			isa = XCConfigurationList;
			buildConfigurations = (
				A020F87023F3F0E9004B2212 /* Debug */,
				A020F87123F3F0E9004B2212 /* Release */,
			);
			defaultConfigurationIsVisible = 0;
			defaultConfigurationName = Release;
		};
		A020F87223F3F0E9004B2212 /* Build configuration list for PBXNativeTarget "TestExtensions" */ = {
			isa = XCConfigurationList;
			buildConfigurations = (
				A020F87323F3F0E9004B2212 /* Debug */,
				A020F87423F3F0E9004B2212 /* Release */,
			);
			defaultConfigurationIsVisible = 0;
			defaultConfigurationName = Release;
		};
/* End XCConfigurationList section */
	};
	rootObject = A020F85623F3F0E6004B2212 /* Project object */;
}
